
Microsoft Visual Studio Solution File, Format Version 12.00
# Visual Studio 15
VisualStudioVersion = 15.0.27130.2020
MinimumVisualStudioVersion = 10.0.40219.1
Project("{FAE04EC0-301F-11D3-BF4B-00C04F79EFBC}") = "Practica C sharp", "Practica C sharp\Practica C sharp.csproj", "{85B1442F-00D9-46E2-BA46-17B18542DD16}"
EndProject
Global
	GlobalSection(SolutionConfigurationPlatforms) = preSolution
		Debug|Any CPU = Debug|Any CPU
		Release|Any CPU = Release|Any CPU
	EndGlobalSection
	GlobalSection(ProjectConfigurationPlatforms) = postSolution
		{85B1442F-00D9-46E2-BA46-17B18542DD16}.Debug|Any CPU.ActiveCfg = Debug|Any CPU
		{85B1442F-00D9-46E2-BA46-17B18542DD16}.Debug|Any CPU.Build.0 = Debug|Any CPU
		{85B1442F-00D9-46E2-BA46-17B18542DD16}.Release|Any CPU.ActiveCfg = Release|Any CPU
		{85B1442F-00D9-46E2-BA46-17B18542DD16}.Release|Any CPU.Build.0 = Release|Any CPU
	EndGlobalSection
	GlobalSection(SolutionProperties) = preSolution
		HideSolutionNode = FALSE
	EndGlobalSection
	GlobalSection(ExtensibilityGlobals) = postSolution
		SolutionGuid = {39242240-DD19-4603-B647-DD454FFE64A2}
	EndGlobalSection
EndGlobal
